
Microsoft Visual Studio Solution File, Format Version 12.00
# Visual Studio Version 17
VisualStudioVersion = 17.11.35312.102
MinimumVisualStudioVersion = 10.0.40219.1
Project("{FAE04EC0-301F-11D3-BF4B-00C04F79EFBC}") = "Jumia", "Jumia\Jumia.csproj", "{6DEE61C6-1883-4DDA-9755-3AB41D5168E7}"
EndProject
Global
	GlobalSection(SolutionConfigurationPlatforms) = preSolution
		Debug|Any CPU = Debug|Any CPU
		Release|Any CPU = Release|Any CPU
	EndGlobalSection
	GlobalSection(ProjectConfigurationPlatforms) = postSolution
		{6DEE61C6-1883-4DDA-9755-3AB41D5168E7}.Debug|Any CPU.ActiveCfg = Debug|Any CPU
		{6DEE61C6-1883-4DDA-9755-3AB41D5168E7}.Debug|Any CPU.Build.0 = Debug|Any CPU
		{6DEE61C6-1883-4DDA-9755-3AB41D5168E7}.Release|Any CPU.ActiveCfg = Release|Any CPU
		{6DEE61C6-1883-4DDA-9755-3AB41D5168E7}.Release|Any CPU.Build.0 = Release|Any CPU
	EndGlobalSection
	GlobalSection(SolutionProperties) = preSolution
		HideSolutionNode = FALSE
	EndGlobalSection
	GlobalSection(ExtensibilityGlobals) = postSolution
		SolutionGuid = {D7293EF0-66FB-4C7B-A1AC-FE9D1C023A8C}
	EndGlobalSection
EndGlobal
